<Solution>
  <Folder Name="/tests/">
    <Project Path="tests/AI.ObservationalMemory.Tests.Integration/AI.ObservationalMemory.Tests.Integration.csproj" />
  </Folder>
  <Project Path="AI.ObservationalMemory.Example/AI.ObservationalMemory.Example.csproj" />
  <Project Path="AI.ObservationalMemory/AI.ObservationalMemory.csproj" />
</Solution>
